// !$*UTF8*$!
{
	archiveVersion = 1;
	classes = {
	};
	objectVersion = 46;
	objects = {

/* Begin PBXBuildFile section */
		5EAEEA4A1F05561F00C6FED8 /* RNMixpanel.h in CopyFiles */ = {isa = PBXBuildFile; fileRef = FDC64AF31BF1690D0044C1B4 /* RNMixpanel.h */; };
		5EAEEA4B1F05562C00C6FED8 /* RNMixpanel.m in Sources */ = {isa = PBXBuildFile; fileRef = FDC64AF51BF1690D0044C1B4 /* RNMixpanel.m */; };
		FDC64AF41BF1690D0044C1B4 /* RNMixpanel.h in CopyFiles */ = {isa = PBXBuildFile; fileRef = FDC64AF31BF1690D0044C1B4 /* RNMixpanel.h */; };
		FDC64AF61BF1690D0044C1B4 /* RNMixpanel.m in Sources */ = {isa = PBXBuildFile; fileRef = FDC64AF51BF1690D0044C1B4 /* RNMixpanel.m */; };
/* End PBXBuildFile section */

/* Begin PBXCopyFilesBuildPhase section */
		5EAEEA3F1F0555B100C6FED8 /* CopyFiles */ = {
			isa = PBXCopyFilesBuildPhase;
			buildActionMask = 2147483647;
			dstPath = "include/$(PRODUCT_NAME)";
			dstSubfolderSpec = 16;
			files = (
				5EAEEA4A1F05561F00C6FED8 /* RNMixpanel.h in CopyFiles */,
			);
			runOnlyForDeploymentPostprocessing = 0;
		};
		FDC64AEE1BF1690D0044C1B4 /* CopyFiles */ = {
			isa = PBXCopyFilesBuildPhase;
			buildActionMask = 2147483647;
			dstPath = "include/$(PRODUCT_NAME)";
			dstSubfolderSpec = 16;
			files = (
				FDC64AF41BF1690D0044C1B4 /* RNMixpanel.h in CopyFiles */,
			);
			runOnlyForDeploymentPostprocessing = 0;
		};
/* End PBXCopyFilesBuildPhase section */

/* Begin PBXFileReference section */
		5EAEEA411F0555B100C6FED8 /* libRNMixpanel-tvOS.a */ = {isa = PBXFileReference; explicitFileType = archive.ar; includeInIndex = 0; path = "libRNMixpanel-tvOS.a"; sourceTree = BUILT_PRODUCTS_DIR; };
		FDC64AF01BF1690D0044C1B4 /* libRNMixpanel.a */ = {isa = PBXFileReference; explicitFileType = archive.ar; includeInIndex = 0; path = libRNMixpanel.a; sourceTree = BUILT_PRODUCTS_DIR; };
		FDC64AF31BF1690D0044C1B4 /* RNMixpanel.h */ = {isa = PBXFileReference; lastKnownFileType = sourcecode.c.h; path = RNMixpanel.h; sourceTree = "<group>"; };
		FDC64AF51BF1690D0044C1B4 /* RNMixpanel.m */ = {isa = PBXFileReference; lastKnownFileType = sourcecode.c.objc; path = RNMixpanel.m; sourceTree = "<group>"; };
		FDDAC2991BF2B40D00E70D3C /* libMixpanel.a */ = {isa = PBXFileReference; lastKnownFileType = archive.ar; name = libMixpanel.a; path = "/Users/davidescalzo/Desktop/TestMixpanel/ios/Pods/../build/Debug-iphoneos/libMixpanel.a"; sourceTree = "<absolute>"; };
		FDDAC29C1BF2B43D00E70D3C /* libPods-TestMixpanel.a */ = {isa = PBXFileReference; lastKnownFileType = archive.ar; name = "libPods-TestMixpanel.a"; path = "/Users/davidescalzo/Desktop/TestMixpanel/ios/Pods/../build/Debug-iphoneos/libPods-TestMixpanel.a"; sourceTree = "<absolute>"; };
		FDDAC2A11BF2B66500E70D3C /* Mixpanel.h */ = {isa = PBXFileReference; fileEncoding = 4; lastKnownFileType = sourcecode.c.h; path = Mixpanel.h; sourceTree = "<group>"; };
/* End PBXFileReference section */

/* Begin PBXFrameworksBuildPhase section */
		5EAEEA3E1F0555B100C6FED8 /* Frameworks */ = {
			isa = PBXFrameworksBuildPhase;
			buildActionMask = 2147483647;
			files = (
			);
			runOnlyForDeploymentPostprocessing = 0;
		};
		FDC64AED1BF1690D0044C1B4 /* Frameworks */ = {
			isa = PBXFrameworksBuildPhase;
			buildActionMask = 2147483647;
			files = (
			);
			runOnlyForDeploymentPostprocessing = 0;
		};
/* End PBXFrameworksBuildPhase section */

/* Begin PBXGroup section */
		FDC64AE71BF1690D0044C1B4 = {
			isa = PBXGroup;
			children = (
				FDDAC29C1BF2B43D00E70D3C /* libPods-TestMixpanel.a */,
				FDDAC2991BF2B40D00E70D3C /* libMixpanel.a */,
				FDC64AF21BF1690D0044C1B4 /* RNMixpanel */,
				FDC64AF11BF1690D0044C1B4 /* Products */,
			);
			sourceTree = "<group>";
		};
		FDC64AF11BF1690D0044C1B4 /* Products */ = {
			isa = PBXGroup;
			children = (
				FDC64AF01BF1690D0044C1B4 /* libRNMixpanel.a */,
				5EAEEA411F0555B100C6FED8 /* libRNMixpanel-tvOS.a */,
			);
			name = Products;
			sourceTree = "<group>";
		};
		FDC64AF21BF1690D0044C1B4 /* RNMixpanel */ = {
			isa = PBXGroup;
			children = (
				FDDAC2A11BF2B66500E70D3C /* Mixpanel.h */,
				FDC64AF31BF1690D0044C1B4 /* RNMixpanel.h */,
				FDC64AF51BF1690D0044C1B4 /* RNMixpanel.m */,
			);
			path = RNMixpanel;
			sourceTree = "<group>";
		};
/* End PBXGroup section */

/* Begin PBXNativeTarget section */
		5EAEEA401F0555B100C6FED8 /* RNMixpanel-tvOS */ = {
			isa = PBXNativeTarget;
			buildConfigurationList = 5EAEEA491F0555B100C6FED8 /* Build configuration list for PBXNativeTarget "RNMixpanel-tvOS" */;
			buildPhases = (
				5EAEEA3D1F0555B100C6FED8 /* Sources */,
				5EAEEA3E1F0555B100C6FED8 /* Frameworks */,
				5EAEEA3F1F0555B100C6FED8 /* CopyFiles */,
			);
			buildRules = (
			);
			dependencies = (
			);
			name = "RNMixpanel-tvOS";
			productName = "RNMixpanel-tvOS";
			productReference = 5EAEEA411F0555B100C6FED8 /* libRNMixpanel-tvOS.a */;
			productType = "com.apple.product-type.library.static";
		};
		FDC64AEF1BF1690D0044C1B4 /* RNMixpanel */ = {
			isa = PBXNativeTarget;
			buildConfigurationList = FDC64AF91BF1690D0044C1B4 /* Build configuration list for PBXNativeTarget "RNMixpanel" */;
			buildPhases = (
				FDC64AEC1BF1690D0044C1B4 /* Sources */,
				FDC64AED1BF1690D0044C1B4 /* Frameworks */,
				FDC64AEE1BF1690D0044C1B4 /* CopyFiles */,
			);
			buildRules = (
			);
			dependencies = (
			);
			name = RNMixpanel;
			productName = RNMixpanel;
			productReference = FDC64AF01BF1690D0044C1B4 /* libRNMixpanel.a */;
			productType = "com.apple.product-type.library.static";
		};
/* End PBXNativeTarget section */

/* Begin PBXProject section */
		FDC64AE81BF1690D0044C1B4 /* Project object */ = {
			isa = PBXProject;
			attributes = {
				LastUpgradeCheck = 0710;
				ORGANIZATIONNAME = "Davide Scalzo";
				TargetAttributes = {
					5EAEEA401F0555B100C6FED8 = {
						CreatedOnToolsVersion = 8.3.3;
						ProvisioningStyle = Automatic;
					};
					FDC64AEF1BF1690D0044C1B4 = {
						CreatedOnToolsVersion = 7.1;
					};
				};
			};
			buildConfigurationList = FDC64AEB1BF1690D0044C1B4 /* Build configuration list for PBXProject "RNMixpanel" */;
			compatibilityVersion = "Xcode 3.2";
			developmentRegion = English;
			hasScannedForEncodings = 0;
			knownRegions = (
				en,
			);
			mainGroup = FDC64AE71BF1690D0044C1B4;
			productRefGroup = FDC64AF11BF1690D0044C1B4 /* Products */;
			projectDirPath = "";
			projectRoot = "";
			targets = (
				FDC64AEF1BF1690D0044C1B4 /* RNMixpanel */,
				5EAEEA401F0555B100C6FED8 /* RNMixpanel-tvOS */,
			);
		};
/* End PBXProject section */

/* Begin PBXSourcesBuildPhase section */
		5EAEEA3D1F0555B100C6FED8 /* Sources */ = {
			isa = PBXSourcesBuildPhase;
			buildActionMask = 2147483647;
			files = (
				5EAEEA4B1F05562C00C6FED8 /* RNMixpanel.m in Sources */,
			);
			runOnlyForDeploymentPostprocessing = 0;
		};
		FDC64AEC1BF1690D0044C1B4 /* Sources */ = {
			isa = PBXSourcesBuildPhase;
			buildActionMask = 2147483647;
			files = (
				FDC64AF61BF1690D0044C1B4 /* RNMixpanel.m in Sources */,
			);
			runOnlyForDeploymentPostprocessing = 0;
		};
/* End PBXSourcesBuildPhase section */

/* Begin XCBuildConfiguration section */
		5EAEEA471F0555B100C6FED8 /* Debug */ = {
			isa = XCBuildConfiguration;
			buildSettings = {
				CLANG_ANALYZER_NONNULL = YES;
				CLANG_ANALYZER_NUMBER_OBJECT_CONVERSION = YES_AGGRESSIVE;
				CLANG_WARN_DOCUMENTATION_COMMENTS = YES;
				CLANG_WARN_INFINITE_RECURSION = YES;
				CLANG_WARN_SUSPICIOUS_MOVE = YES;
				DEBUG_INFORMATION_FORMAT = dwarf;
				ENABLE_TESTABILITY = YES;
				OTHER_LDFLAGS = "-ObjC";
				PRODUCT_NAME = "$(TARGET_NAME)";
				SDKROOT = appletvos;
				SKIP_INSTALL = YES;
				TVOS_DEPLOYMENT_TARGET = 10.2;
			};
			name = Debug;
		};
		5EAEEA481F0555B100C6FED8 /* Release */ = {
			isa = XCBuildConfiguration;
			buildSettings = {
				CLANG_ANALYZER_NONNULL = YES;
				CLANG_ANALYZER_NUMBER_OBJECT_CONVERSION = YES_AGGRESSIVE;
				CLANG_WARN_DOCUMENTATION_COMMENTS = YES;
				CLANG_WARN_INFINITE_RECURSION = YES;
				CLANG_WARN_SUSPICIOUS_MOVE = YES;
				COPY_PHASE_STRIP = NO;
				OTHER_LDFLAGS = "-ObjC";
				PRODUCT_NAME = "$(TARGET_NAME)";
				SDKROOT = appletvos;
				SKIP_INSTALL = YES;
				TVOS_DEPLOYMENT_TARGET = 10.2;
			};
			name = Release;
		};
		FDC64AF71BF1690D0044C1B4 /* Debug */ = {
			isa = XCBuildConfiguration;
			buildSettings = {
				ALWAYS_SEARCH_USER_PATHS = NO;
				CLANG_CXX_LANGUAGE_STANDARD = "gnu++0x";
				CLANG_CXX_LIBRARY = "libc++";
				CLANG_ENABLE_MODULES = YES;
				CLANG_ENABLE_OBJC_ARC = YES;
				CLANG_WARN_BOOL_CONVERSION = YES;
				CLANG_WARN_CONSTANT_CONVERSION = YES;
				CLANG_WARN_DIRECT_OBJC_ISA_USAGE = YES_ERROR;
				CLANG_WARN_EMPTY_BODY = YES;
				CLANG_WARN_ENUM_CONVERSION = YES;
				CLANG_WARN_INT_CONVERSION = YES;
				CLANG_WARN_OBJC_ROOT_CLASS = YES_ERROR;
				CLANG_WARN_UNREACHABLE_CODE = YES;
				CLANG_WARN__DUPLICATE_METHOD_MATCH = YES;
				"CODE_SIGN_IDENTITY[sdk=iphoneos*]" = "";
				COPY_PHASE_STRIP = NO;
				DEBUG_INFORMATION_FORMAT = "dwarf-with-dsym";
				ENABLE_STRICT_OBJC_MSGSEND = YES;
				ENABLE_TESTABILITY = NO;
				FRAMEWORK_SEARCH_PATHS = "$(inherited)";
				GCC_C_LANGUAGE_STANDARD = gnu99;
				GCC_DYNAMIC_NO_PIC = NO;
				GCC_NO_COMMON_BLOCKS = YES;
				GCC_OPTIMIZATION_LEVEL = 0;
				GCC_PREPROCESSOR_DEFINITIONS = (
					"DEBUG=1",
					"$(inherited)",
				);
				GCC_WARN_64_TO_32_BIT_CONVERSION = YES;
				GCC_WARN_ABOUT_RETURN_TYPE = YES_ERROR;
				GCC_WARN_UNDECLARED_SELECTOR = YES;
				GCC_WARN_UNINITIALIZED_AUTOS = YES_AGGRESSIVE;
				GCC_WARN_UNUSED_FUNCTION = YES;
				GCC_WARN_UNUSED_VARIABLE = YES;
				HEADER_SEARCH_PATHS = "$(inherited)";
				IPHONEOS_DEPLOYMENT_TARGET = 8.0;
				MTL_ENABLE_DEBUG_INFO = YES;
				ONLY_ACTIVE_ARCH = YES;
				SDKROOT = iphoneos;
			};
			name = Debug;
		};
		FDC64AF81BF1690D0044C1B4 /* Release */ = {
			isa = XCBuildConfiguration;
			buildSettings = {
				ALWAYS_SEARCH_USER_PATHS = NO;
				CLANG_CXX_LANGUAGE_STANDARD = "gnu++0x";
				CLANG_CXX_LIBRARY = "libc++";
				CLANG_ENABLE_MODULES = YES;
				CLANG_ENABLE_OBJC_ARC = YES;
				CLANG_WARN_BOOL_CONVERSION = YES;
				CLANG_WARN_CONSTANT_CONVERSION = YES;
				CLANG_WARN_DIRECT_OBJC_ISA_USAGE = YES_ERROR;
				CLANG_WARN_EMPTY_BODY = YES;
				CLANG_WARN_ENUM_CONVERSION = YES;
				CLANG_WARN_INT_CONVERSION = YES;
				CLANG_WARN_OBJC_ROOT_CLASS = YES_ERROR;
				CLANG_WARN_UNREACHABLE_CODE = YES;
				CLANG_WARN__DUPLICATE_METHOD_MATCH = YES;
				"CODE_SIGN_IDENTITY[sdk=iphoneos*]" = "";
				COPY_PHASE_STRIP = YES;
				DEBUG_INFORMATION_FORMAT = "dwarf-with-dsym";
				ENABLE_NS_ASSERTIONS = NO;
				ENABLE_STRICT_OBJC_MSGSEND = YES;
				ENABLE_TESTABILITY = NO;
				FRAMEWORK_SEARCH_PATHS = "$(inherited)";
				GCC_C_LANGUAGE_STANDARD = gnu99;
				GCC_NO_COMMON_BLOCKS = YES;
				GCC_WARN_64_TO_32_BIT_CONVERSION = YES;
				GCC_WARN_ABOUT_RETURN_TYPE = YES_ERROR;
				GCC_WARN_UNDECLARED_SELECTOR = YES;
				GCC_WARN_UNINITIALIZED_AUTOS = YES_AGGRESSIVE;
				GCC_WARN_UNUSED_FUNCTION = YES;
				GCC_WARN_UNUSED_VARIABLE = YES;
				HEADER_SEARCH_PATHS = "$(inherited)";
				IPHONEOS_DEPLOYMENT_TARGET = 8.0;
				MTL_ENABLE_DEBUG_INFO = NO;
				SDKROOT = iphoneos;
				VALIDATE_PRODUCT = YES;
			};
			name = Release;
		};
		FDC64AFA1BF1690D0044C1B4 /* Debug */ = {
			isa = XCBuildConfiguration;
			buildSettings = {
				HEADER_SEARCH_PATHS = (
					"$(inherited)",
					"/Applications/Xcode.app/Contents/Developer/Toolchains/XcodeDefault.xctoolchain/usr/include/**",
					"$(SRCROOT)/../../React/**",
					"$(SRCROOT)/../../node_modules/react-native/React/**",
				);
				OTHER_LDFLAGS = "-ObjC";
				PRODUCT_NAME = "$(TARGET_NAME)";
				SKIP_INSTALL = YES;
			};
			name = Debug;
		};
		FDC64AFB1BF1690D0044C1B4 /* Release */ = {
			isa = XCBuildConfiguration;
			buildSettings = {
				HEADER_SEARCH_PATHS = (
					"$(inherited)",
					"/Applications/Xcode.app/Contents/Developer/Toolchains/XcodeDefault.xctoolchain/usr/include/**",
					"$(SRCROOT)/../../React/**",
					"$(SRCROOT)/../../node_modules/react-native/React/**",
				);
				OTHER_LDFLAGS = "-ObjC";
				PRODUCT_NAME = "$(TARGET_NAME)";
				SKIP_INSTALL = YES;
			};
			name = Release;
		};
/* End XCBuildConfiguration section */

/* Begin XCConfigurationList section */
		5EAEEA491F0555B100C6FED8 /* Build configuration list for PBXNativeTarget "RNMixpanel-tvOS" */ = {
			isa = XCConfigurationList;
			buildConfigurations = (
				5EAEEA471F0555B100C6FED8 /* Debug */,
				5EAEEA481F0555B100C6FED8 /* Release */,
			);
			defaultConfigurationIsVisible = 0;
		};
		FDC64AEB1BF1690D0044C1B4 /* Build configuration list for PBXProject "RNMixpanel" */ = {
			isa = XCConfigurationList;
			buildConfigurations = (
				FDC64AF71BF1690D0044C1B4 /* Debug */,
				FDC64AF81BF1690D0044C1B4 /* Release */,
			);
			defaultConfigurationIsVisible = 0;
			defaultConfigurationName = Release;
		};
		FDC64AF91BF1690D0044C1B4 /* Build configuration list for PBXNativeTarget "RNMixpanel" */ = {
			isa = XCConfigurationList;
			buildConfigurations = (
				FDC64AFA1BF1690D0044C1B4 /* Debug */,
				FDC64AFB1BF1690D0044C1B4 /* Release */,
			);
			defaultConfigurationIsVisible = 0;
			defaultConfigurationName = Release;
		};
/* End XCConfigurationList section */
	};
	rootObject = FDC64AE81BF1690D0044C1B4 /* Project object */;
}
